
Microsoft Visual Studio Solution File, Format Version 12.00
# Visual Studio Version 17
VisualStudioVersion = 17.5.002.0
MinimumVisualStudioVersion = 10.0.40219.1
Project("{9A19103F-16F7-4668-BE54-9A1E7A4F7556}") = "BackendAuth", "BackendAuth.csproj", "{BDDABF41-A164-4438-AA1F-BAC272C46C0D}"
EndProject
Global
	GlobalSection(SolutionConfigurationPlatforms) = preSolution
		Debug|Any CPU = Debug|Any CPU
		Release|Any CPU = Release|Any CPU
	EndGlobalSection
	GlobalSection(ProjectConfigurationPlatforms) = postSolution
		{BDDABF41-A164-4438-AA1F-BAC272C46C0D}.Debug|Any CPU.ActiveCfg = Debug|Any CPU
		{BDDABF41-A164-4438-AA1F-BAC272C46C0D}.Debug|Any CPU.Build.0 = Debug|Any CPU
		{BDDABF41-A164-4438-AA1F-BAC272C46C0D}.Release|Any CPU.ActiveCfg = Release|Any CPU
		{BDDABF41-A164-4438-AA1F-BAC272C46C0D}.Release|Any CPU.Build.0 = Release|Any CPU
	EndGlobalSection
	GlobalSection(SolutionProperties) = preSolution
		HideSolutionNode = FALSE
	EndGlobalSection
	GlobalSection(ExtensibilityGlobals) = postSolution
		SolutionGuid = {1152B27D-40E2-4076-85A1-C448A75E3512}
	EndGlobalSection
EndGlobal
